
Microsoft Visual Studio Solution File, Format Version 12.00
# Visual Studio Version 17
VisualStudioVersion = 17.3.32922.545
MinimumVisualStudioVersion = 10.0.40219.1
Project("{888888A0-9F3D-457C-B088-3A5042F75D52}") = "LookingUp", "LookingUp.pyproj", "{7FEC43E7-03B9-47F5-B78C-D93E18083C87}"
EndProject
Global
	GlobalSection(SolutionConfigurationPlatforms) = preSolution
		Debug|Any CPU = Debug|Any CPU
		Release|Any CPU = Release|Any CPU
	EndGlobalSection
	GlobalSection(ProjectConfigurationPlatforms) = postSolution
		{7FEC43E7-03B9-47F5-B78C-D93E18083C87}.Debug|Any CPU.ActiveCfg = Debug|Any CPU
		{7FEC43E7-03B9-47F5-B78C-D93E18083C87}.Release|Any CPU.ActiveCfg = Release|Any CPU
	EndGlobalSection
	GlobalSection(SolutionProperties) = preSolution
		HideSolutionNode = FALSE
	EndGlobalSection
	GlobalSection(ExtensibilityGlobals) = postSolution
		SolutionGuid = {29E8CC6E-9E47-4E32-B7E0-1B78F2257906}
	EndGlobalSection
EndGlobal
